
Microsoft Visual Studio Solution File, Format Version 12.00
# Visual Studio Version 17
VisualStudioVersion = 17.10.35013.160
MinimumVisualStudioVersion = 10.0.40219.1
Project("{FAE04EC0-301F-11D3-BF4B-00C04F79EFBC}") = "snakeSkinV1", "snakeSkinV1\snakeSkinV1.csproj", "{2628634D-C28F-412C-9051-411A0163C11F}"
EndProject
Global
	GlobalSection(SolutionConfigurationPlatforms) = preSolution
		Debug|Any CPU = Debug|Any CPU
		Release|Any CPU = Release|Any CPU
	EndGlobalSection
	GlobalSection(ProjectConfigurationPlatforms) = postSolution
		{2628634D-C28F-412C-9051-411A0163C11F}.Debug|Any CPU.ActiveCfg = Debug|Any CPU
		{2628634D-C28F-412C-9051-411A0163C11F}.Debug|Any CPU.Build.0 = Debug|Any CPU
		{2628634D-C28F-412C-9051-411A0163C11F}.Release|Any CPU.ActiveCfg = Release|Any CPU
		{2628634D-C28F-412C-9051-411A0163C11F}.Release|Any CPU.Build.0 = Release|Any CPU
	EndGlobalSection
	GlobalSection(SolutionProperties) = preSolution
		HideSolutionNode = FALSE
	EndGlobalSection
	GlobalSection(ExtensibilityGlobals) = postSolution
		SolutionGuid = {D10ABD19-6D49-4F68-B80C-E6B6CF469051}
	EndGlobalSection
EndGlobal
